
Microsoft Visual Studio Solution File, Format Version 12.00
# Visual Studio Version 17
VisualStudioVersion = 17.9.34728.123
MinimumVisualStudioVersion = 10.0.40219.1
Project("{FAE04EC0-301F-11D3-BF4B-00C04F79EFBC}") = "MagicVilla_VillaAPI", "MagicVilla_VillaAPI\MagicVilla_VillaAPI.csproj", "{2B77E039-A2F5-4A1B-9237-734B0CE87C8E}"
EndProject
Global
	GlobalSection(SolutionConfigurationPlatforms) = preSolution
		Debug|Any CPU = Debug|Any CPU
		Release|Any CPU = Release|Any CPU
	EndGlobalSection
	GlobalSection(ProjectConfigurationPlatforms) = postSolution
		{2B77E039-A2F5-4A1B-9237-734B0CE87C8E}.Debug|Any CPU.ActiveCfg = Debug|Any CPU
		{2B77E039-A2F5-4A1B-9237-734B0CE87C8E}.Debug|Any CPU.Build.0 = Debug|Any CPU
		{2B77E039-A2F5-4A1B-9237-734B0CE87C8E}.Release|Any CPU.ActiveCfg = Release|Any CPU
		{2B77E039-A2F5-4A1B-9237-734B0CE87C8E}.Release|Any CPU.Build.0 = Release|Any CPU
	EndGlobalSection
	GlobalSection(SolutionProperties) = preSolution
		HideSolutionNode = FALSE
	EndGlobalSection
	GlobalSection(ExtensibilityGlobals) = postSolution
		SolutionGuid = {BA89B955-595E-4A6B-91CB-0022A426F524}
	EndGlobalSection
EndGlobal
